// !$*UTF8*$!
{
	archiveVersion = 1;
	classes = {
	};
	objectVersion = 46;
	objects = {

/* Begin PBXBuildFile section */
		567DF2C31A61D77F00B7D39B /* BMWViewCell.swift in Sources */ = {isa = PBXBuildFile; fileRef = 567DF2C21A61D77F00B7D39B /* BMWViewCell.swift */; };
		567DF2C51A61D7C700B7D39B /* BMWTableViewController.swift in Sources */ = {isa = PBXBuildFile; fileRef = 567DF2C41A61D7C700B7D39B /* BMWTableViewController.swift */; };
		567DF2C71A61E0C300B7D39B /* MapKit.framework in Frameworks */ = {isa = PBXBuildFile; fileRef = 567DF2C61A61E0C300B7D39B /* MapKit.framework */; };
		567DF2C91A61E0CB00B7D39B /* CoreLocation.framework in Frameworks */ = {isa = PBXBuildFile; fileRef = 567DF2C81A61E0CB00B7D39B /* CoreLocation.framework */; };
		567DF2CB1A62F20700B7D39B /* bmw.jpg in Resources */ = {isa = PBXBuildFile; fileRef = 567DF2CA1A62F20700B7D39B /* bmw.jpg */; };
		56F53B711A61AE18009EC2E0 /* AppDelegate.swift in Sources */ = {isa = PBXBuildFile; fileRef = 56F53B701A61AE18009EC2E0 /* AppDelegate.swift */; };
		56F53B731A61AE18009EC2E0 /* ViewController.swift in Sources */ = {isa = PBXBuildFile; fileRef = 56F53B721A61AE18009EC2E0 /* ViewController.swift */; };
		56F53B761A61AE18009EC2E0 /* Main.storyboard in Resources */ = {isa = PBXBuildFile; fileRef = 56F53B741A61AE18009EC2E0 /* Main.storyboard */; };
		56F53B781A61AE18009EC2E0 /* Images.xcassets in Resources */ = {isa = PBXBuildFile; fileRef = 56F53B771A61AE18009EC2E0 /* Images.xcassets */; };
		56F53B7B1A61AE18009EC2E0 /* LaunchScreen.xib in Resources */ = {isa = PBXBuildFile; fileRef = 56F53B791A61AE18009EC2E0 /* LaunchScreen.xib */; };
		56F53B871A61AE18009EC2E0 /* BMW_GenieTests.swift in Sources */ = {isa = PBXBuildFile; fileRef = 56F53B861A61AE18009EC2E0 /* BMW_GenieTests.swift */; };
/* End PBXBuildFile section */

/* Begin PBXContainerItemProxy section */
		56F53B811A61AE18009EC2E0 /* PBXContainerItemProxy */ = {
			isa = PBXContainerItemProxy;
			containerPortal = 56F53B631A61AE17009EC2E0 /* Project object */;
			proxyType = 1;
			remoteGlobalIDString = 56F53B6A1A61AE18009EC2E0;
			remoteInfo = "BMW Genie";
		};
/* End PBXContainerItemProxy section */

/* Begin PBXFileReference section */
		567DF2C21A61D77F00B7D39B /* BMWViewCell.swift */ = {isa = PBXFileReference; fileEncoding = 4; lastKnownFileType = sourcecode.swift; path = BMWViewCell.swift; sourceTree = "<group>"; };
		567DF2C41A61D7C700B7D39B /* BMWTableViewController.swift */ = {isa = PBXFileReference; fileEncoding = 4; lastKnownFileType = sourcecode.swift; path = BMWTableViewController.swift; sourceTree = "<group>"; };
		567DF2C61A61E0C300B7D39B /* MapKit.framework */ = {isa = PBXFileReference; lastKnownFileType = wrapper.framework; name = MapKit.framework; path = System/Library/Frameworks/MapKit.framework; sourceTree = SDKROOT; };
		567DF2C81A61E0CB00B7D39B /* CoreLocation.framework */ = {isa = PBXFileReference; lastKnownFileType = wrapper.framework; name = CoreLocation.framework; path = System/Library/Frameworks/CoreLocation.framework; sourceTree = SDKROOT; };
		567DF2CA1A62F20700B7D39B /* bmw.jpg */ = {isa = PBXFileReference; lastKnownFileType = image.jpeg; path = bmw.jpg; sourceTree = "<group>"; };
		56F53B6B1A61AE18009EC2E0 /* BMW Genie.app */ = {isa = PBXFileReference; explicitFileType = wrapper.application; includeInIndex = 0; path = "BMW Genie.app"; sourceTree = BUILT_PRODUCTS_DIR; };
		56F53B6F1A61AE18009EC2E0 /* Info.plist */ = {isa = PBXFileReference; lastKnownFileType = text.plist.xml; path = Info.plist; sourceTree = "<group>"; };
		56F53B701A61AE18009EC2E0 /* AppDelegate.swift */ = {isa = PBXFileReference; lastKnownFileType = sourcecode.swift; path = AppDelegate.swift; sourceTree = "<group>"; };
		56F53B721A61AE18009EC2E0 /* ViewController.swift */ = {isa = PBXFileReference; lastKnownFileType = sourcecode.swift; path = ViewController.swift; sourceTree = "<group>"; };
		56F53B751A61AE18009EC2E0 /* Base */ = {isa = PBXFileReference; lastKnownFileType = file.storyboard; name = Base; path = Base.lproj/Main.storyboard; sourceTree = "<group>"; };
		56F53B771A61AE18009EC2E0 /* Images.xcassets */ = {isa = PBXFileReference; lastKnownFileType = folder.assetcatalog; path = Images.xcassets; sourceTree = "<group>"; };
		56F53B7A1A61AE18009EC2E0 /* Base */ = {isa = PBXFileReference; lastKnownFileType = file.xib; name = Base; path = Base.lproj/LaunchScreen.xib; sourceTree = "<group>"; };
		56F53B801A61AE18009EC2E0 /* BMW GenieTests.xctest */ = {isa = PBXFileReference; explicitFileType = wrapper.cfbundle; includeInIndex = 0; path = "BMW GenieTests.xctest"; sourceTree = BUILT_PRODUCTS_DIR; };
		56F53B851A61AE18009EC2E0 /* Info.plist */ = {isa = PBXFileReference; lastKnownFileType = text.plist.xml; path = Info.plist; sourceTree = "<group>"; };
		56F53B861A61AE18009EC2E0 /* BMW_GenieTests.swift */ = {isa = PBXFileReference; lastKnownFileType = sourcecode.swift; path = BMW_GenieTests.swift; sourceTree = "<group>"; };
/* End PBXFileReference section */

/* Begin PBXFrameworksBuildPhase section */
		56F53B681A61AE18009EC2E0 /* Frameworks */ = {
			isa = PBXFrameworksBuildPhase;
			buildActionMask = 2147483647;
			files = (
				567DF2C91A61E0CB00B7D39B /* CoreLocation.framework in Frameworks */,
				567DF2C71A61E0C300B7D39B /* MapKit.framework in Frameworks */,
			);
			runOnlyForDeploymentPostprocessing = 0;
		};
		56F53B7D1A61AE18009EC2E0 /* Frameworks */ = {
			isa = PBXFrameworksBuildPhase;
			buildActionMask = 2147483647;
			files = (
			);
			runOnlyForDeploymentPostprocessing = 0;
		};
/* End PBXFrameworksBuildPhase section */

/* Begin PBXGroup section */
		56F53B621A61AE17009EC2E0 = {
			isa = PBXGroup;
			children = (
				567DF2C81A61E0CB00B7D39B /* CoreLocation.framework */,
				567DF2C61A61E0C300B7D39B /* MapKit.framework */,
				56F53B6D1A61AE18009EC2E0 /* BMW Genie */,
				56F53B831A61AE18009EC2E0 /* BMW GenieTests */,
				56F53B6C1A61AE18009EC2E0 /* Products */,
			);
			sourceTree = "<group>";
		};
		56F53B6C1A61AE18009EC2E0 /* Products */ = {
			isa = PBXGroup;
			children = (
				56F53B6B1A61AE18009EC2E0 /* BMW Genie.app */,
				56F53B801A61AE18009EC2E0 /* BMW GenieTests.xctest */,
			);
			name = Products;
			sourceTree = "<group>";
		};
		56F53B6D1A61AE18009EC2E0 /* BMW Genie */ = {
			isa = PBXGroup;
			children = (
				56F53B701A61AE18009EC2E0 /* AppDelegate.swift */,
				56F53B721A61AE18009EC2E0 /* ViewController.swift */,
				56F53B741A61AE18009EC2E0 /* Main.storyboard */,
				56F53B771A61AE18009EC2E0 /* Images.xcassets */,
				567DF2CA1A62F20700B7D39B /* bmw.jpg */,
				56F53B791A61AE18009EC2E0 /* LaunchScreen.xib */,
				56F53B6E1A61AE18009EC2E0 /* Supporting Files */,
				567DF2C21A61D77F00B7D39B /* BMWViewCell.swift */,
				567DF2C41A61D7C700B7D39B /* BMWTableViewController.swift */,
			);
			path = "BMW Genie";
			sourceTree = "<group>";
		};
		56F53B6E1A61AE18009EC2E0 /* Supporting Files */ = {
			isa = PBXGroup;
			children = (
				56F53B6F1A61AE18009EC2E0 /* Info.plist */,
			);
			name = "Supporting Files";
			sourceTree = "<group>";
		};
		56F53B831A61AE18009EC2E0 /* BMW GenieTests */ = {
			isa = PBXGroup;
			children = (
				56F53B861A61AE18009EC2E0 /* BMW_GenieTests.swift */,
				56F53B841A61AE18009EC2E0 /* Supporting Files */,
			);
			path = "BMW GenieTests";
			sourceTree = "<group>";
		};
		56F53B841A61AE18009EC2E0 /* Supporting Files */ = {
			isa = PBXGroup;
			children = (
				56F53B851A61AE18009EC2E0 /* Info.plist */,
			);
			name = "Supporting Files";
			sourceTree = "<group>";
		};
/* End PBXGroup section */

/* Begin PBXNativeTarget section */
		56F53B6A1A61AE18009EC2E0 /* BMW Genie */ = {
			isa = PBXNativeTarget;
			buildConfigurationList = 56F53B8A1A61AE18009EC2E0 /* Build configuration list for PBXNativeTarget "BMW Genie" */;
			buildPhases = (
				56F53B671A61AE18009EC2E0 /* Sources */,
				56F53B681A61AE18009EC2E0 /* Frameworks */,
				56F53B691A61AE18009EC2E0 /* Resources */,
			);
			buildRules = (
			);
			dependencies = (
			);
			name = "BMW Genie";
			productName = "BMW Genie";
			productReference = 56F53B6B1A61AE18009EC2E0 /* BMW Genie.app */;
			productType = "com.apple.product-type.application";
		};
		56F53B7F1A61AE18009EC2E0 /* BMW GenieTests */ = {
			isa = PBXNativeTarget;
			buildConfigurationList = 56F53B8D1A61AE18009EC2E0 /* Build configuration list for PBXNativeTarget "BMW GenieTests" */;
			buildPhases = (
				56F53B7C1A61AE18009EC2E0 /* Sources */,
				56F53B7D1A61AE18009EC2E0 /* Frameworks */,
				56F53B7E1A61AE18009EC2E0 /* Resources */,
			);
			buildRules = (
			);
			dependencies = (
				56F53B821A61AE18009EC2E0 /* PBXTargetDependency */,
			);
			name = "BMW GenieTests";
			productName = "BMW GenieTests";
			productReference = 56F53B801A61AE18009EC2E0 /* BMW GenieTests.xctest */;
			productType = "com.apple.product-type.bundle.unit-test";
		};
/* End PBXNativeTarget section */

/* Begin PBXProject section */
		56F53B631A61AE17009EC2E0 /* Project object */ = {
			isa = PBXProject;
			attributes = {
				LastUpgradeCheck = 0610;
				ORGANIZATIONNAME = "Shrikar Archak";
				TargetAttributes = {
					56F53B6A1A61AE18009EC2E0 = {
						CreatedOnToolsVersion = 6.1.1;
					};
					56F53B7F1A61AE18009EC2E0 = {
						CreatedOnToolsVersion = 6.1.1;
						TestTargetID = 56F53B6A1A61AE18009EC2E0;
					};
				};
			};
			buildConfigurationList = 56F53B661A61AE17009EC2E0 /* Build configuration list for PBXProject "BMW Genie" */;
			compatibilityVersion = "Xcode 3.2";
			developmentRegion = English;
			hasScannedForEncodings = 0;
			knownRegions = (
				en,
				Base,
			);
			mainGroup = 56F53B621A61AE17009EC2E0;
			productRefGroup = 56F53B6C1A61AE18009EC2E0 /* Products */;
			projectDirPath = "";
			projectRoot = "";
			targets = (
				56F53B6A1A61AE18009EC2E0 /* BMW Genie */,
				56F53B7F1A61AE18009EC2E0 /* BMW GenieTests */,
			);
		};
/* End PBXProject section */

/* Begin PBXResourcesBuildPhase section */
		56F53B691A61AE18009EC2E0 /* Resources */ = {
			isa = PBXResourcesBuildPhase;
			buildActionMask = 2147483647;
			files = (
				567DF2CB1A62F20700B7D39B /* bmw.jpg in Resources */,
				56F53B761A61AE18009EC2E0 /* Main.storyboard in Resources */,
				56F53B7B1A61AE18009EC2E0 /* LaunchScreen.xib in Resources */,
				56F53B781A61AE18009EC2E0 /* Images.xcassets in Resources */,
			);
			runOnlyForDeploymentPostprocessing = 0;
		};
		56F53B7E1A61AE18009EC2E0 /* Resources */ = {
			isa = PBXResourcesBuildPhase;
			buildActionMask = 2147483647;
			files = (
			);
			runOnlyForDeploymentPostprocessing = 0;
		};
/* End PBXResourcesBuildPhase section */

/* Begin PBXSourcesBuildPhase section */
		56F53B671A61AE18009EC2E0 /* Sources */ = {
			isa = PBXSourcesBuildPhase;
			buildActionMask = 2147483647;
			files = (
				567DF2C51A61D7C700B7D39B /* BMWTableViewController.swift in Sources */,
				567DF2C31A61D77F00B7D39B /* BMWViewCell.swift in Sources */,
				56F53B731A61AE18009EC2E0 /* ViewController.swift in Sources */,
				56F53B711A61AE18009EC2E0 /* AppDelegate.swift in Sources */,
			);
			runOnlyForDeploymentPostprocessing = 0;
		};
		56F53B7C1A61AE18009EC2E0 /* Sources */ = {
			isa = PBXSourcesBuildPhase;
			buildActionMask = 2147483647;
			files = (
				56F53B871A61AE18009EC2E0 /* BMW_GenieTests.swift in Sources */,
			);
			runOnlyForDeploymentPostprocessing = 0;
		};
/* End PBXSourcesBuildPhase section */

/* Begin PBXTargetDependency section */
		56F53B821A61AE18009EC2E0 /* PBXTargetDependency */ = {
			isa = PBXTargetDependency;
			target = 56F53B6A1A61AE18009EC2E0 /* BMW Genie */;
			targetProxy = 56F53B811A61AE18009EC2E0 /* PBXContainerItemProxy */;
		};
/* End PBXTargetDependency section */

/* Begin PBXVariantGroup section */
		56F53B741A61AE18009EC2E0 /* Main.storyboard */ = {
			isa = PBXVariantGroup;
			children = (
				56F53B751A61AE18009EC2E0 /* Base */,
			);
			name = Main.storyboard;
			sourceTree = "<group>";
		};
		56F53B791A61AE18009EC2E0 /* LaunchScreen.xib */ = {
			isa = PBXVariantGroup;
			children = (
				56F53B7A1A61AE18009EC2E0 /* Base */,
			);
			name = LaunchScreen.xib;
			sourceTree = "<group>";
		};
/* End PBXVariantGroup section */

/* Begin XCBuildConfiguration section */
		56F53B881A61AE18009EC2E0 /* Debug */ = {
			isa = XCBuildConfiguration;
			buildSettings = {
				ALWAYS_SEARCH_USER_PATHS = NO;
				CLANG_CXX_LANGUAGE_STANDARD = "gnu++0x";
				CLANG_CXX_LIBRARY = "libc++";
				CLANG_ENABLE_MODULES = YES;
				CLANG_ENABLE_OBJC_ARC = YES;
				CLANG_WARN_BOOL_CONVERSION = YES;
				CLANG_WARN_CONSTANT_CONVERSION = YES;
				CLANG_WARN_DIRECT_OBJC_ISA_USAGE = YES_ERROR;
				CLANG_WARN_EMPTY_BODY = YES;
				CLANG_WARN_ENUM_CONVERSION = YES;
				CLANG_WARN_INT_CONVERSION = YES;
				CLANG_WARN_OBJC_ROOT_CLASS = YES_ERROR;
				CLANG_WARN_UNREACHABLE_CODE = YES;
				CLANG_WARN__DUPLICATE_METHOD_MATCH = YES;
				"CODE_SIGN_IDENTITY[sdk=iphoneos*]" = "iPhone Developer";
				COPY_PHASE_STRIP = NO;
				ENABLE_STRICT_OBJC_MSGSEND = YES;
				GCC_C_LANGUAGE_STANDARD = gnu99;
				GCC_DYNAMIC_NO_PIC = NO;
				GCC_OPTIMIZATION_LEVEL = 0;
				GCC_PREPROCESSOR_DEFINITIONS = (
					"DEBUG=1",
					"$(inherited)",
				);
				GCC_SYMBOLS_PRIVATE_EXTERN = NO;
				GCC_WARN_64_TO_32_BIT_CONVERSION = YES;
				GCC_WARN_ABOUT_RETURN_TYPE = YES_ERROR;
				GCC_WARN_UNDECLARED_SELECTOR = YES;
				GCC_WARN_UNINITIALIZED_AUTOS = YES_AGGRESSIVE;
				GCC_WARN_UNUSED_FUNCTION = YES;
				GCC_WARN_UNUSED_VARIABLE = YES;
				IPHONEOS_DEPLOYMENT_TARGET = 8.1;
				MTL_ENABLE_DEBUG_INFO = YES;
				ONLY_ACTIVE_ARCH = YES;
				SDKROOT = iphoneos;
				SWIFT_OPTIMIZATION_LEVEL = "-Onone";
			};
			name = Debug;
		};
		56F53B891A61AE18009EC2E0 /* Release */ = {
			isa = XCBuildConfiguration;
			buildSettings = {
				ALWAYS_SEARCH_USER_PATHS = NO;
				CLANG_CXX_LANGUAGE_STANDARD = "gnu++0x";
				CLANG_CXX_LIBRARY = "libc++";
				CLANG_ENABLE_MODULES = YES;
				CLANG_ENABLE_OBJC_ARC = YES;
				CLANG_WARN_BOOL_CONVERSION = YES;
				CLANG_WARN_CONSTANT_CONVERSION = YES;
				CLANG_WARN_DIRECT_OBJC_ISA_USAGE = YES_ERROR;
				CLANG_WARN_EMPTY_BODY = YES;
				CLANG_WARN_ENUM_CONVERSION = YES;
				CLANG_WARN_INT_CONVERSION = YES;
				CLANG_WARN_OBJC_ROOT_CLASS = YES_ERROR;
				CLANG_WARN_UNREACHABLE_CODE = YES;
				CLANG_WARN__DUPLICATE_METHOD_MATCH = YES;
				"CODE_SIGN_IDENTITY[sdk=iphoneos*]" = "iPhone Developer";
				COPY_PHASE_STRIP = YES;
				ENABLE_NS_ASSERTIONS = NO;
				ENABLE_STRICT_OBJC_MSGSEND = YES;
				GCC_C_LANGUAGE_STANDARD = gnu99;
				GCC_WARN_64_TO_32_BIT_CONVERSION = YES;
				GCC_WARN_ABOUT_RETURN_TYPE = YES_ERROR;
				GCC_WARN_UNDECLARED_SELECTOR = YES;
				GCC_WARN_UNINITIALIZED_AUTOS = YES_AGGRESSIVE;
				GCC_WARN_UNUSED_FUNCTION = YES;
				GCC_WARN_UNUSED_VARIABLE = YES;
				IPHONEOS_DEPLOYMENT_TARGET = 8.1;
				MTL_ENABLE_DEBUG_INFO = NO;
				SDKROOT = iphoneos;
				VALIDATE_PRODUCT = YES;
			};
			name = Release;
		};
		56F53B8B1A61AE18009EC2E0 /* Debug */ = {
			isa = XCBuildConfiguration;
			buildSettings = {
				ASSETCATALOG_COMPILER_APPICON_NAME = AppIcon;
				INFOPLIST_FILE = "BMW Genie/Info.plist";
				LD_RUNPATH_SEARCH_PATHS = "$(inherited) @executable_path/Frameworks";
				PRODUCT_NAME = "$(TARGET_NAME)";
			};
			name = Debug;
		};
		56F53B8C1A61AE18009EC2E0 /* Release */ = {
			isa = XCBuildConfiguration;
			buildSettings = {
				ASSETCATALOG_COMPILER_APPICON_NAME = AppIcon;
				INFOPLIST_FILE = "BMW Genie/Info.plist";
				LD_RUNPATH_SEARCH_PATHS = "$(inherited) @executable_path/Frameworks";
				PRODUCT_NAME = "$(TARGET_NAME)";
			};
			name = Release;
		};
		56F53B8E1A61AE18009EC2E0 /* Debug */ = {
			isa = XCBuildConfiguration;
			buildSettings = {
				BUNDLE_LOADER = "$(TEST_HOST)";
				FRAMEWORK_SEARCH_PATHS = (
					"$(SDKROOT)/Developer/Library/Frameworks",
					"$(inherited)",
				);
				GCC_PREPROCESSOR_DEFINITIONS = (
					"DEBUG=1",
					"$(inherited)",
				);
				INFOPLIST_FILE = "BMW GenieTests/Info.plist";
				LD_RUNPATH_SEARCH_PATHS = "$(inherited) @executable_path/Frameworks @loader_path/Frameworks";
				PRODUCT_NAME = "$(TARGET_NAME)";
				TEST_HOST = "$(BUILT_PRODUCTS_DIR)/BMW Genie.app/BMW Genie";
			};
			name = Debug;
		};
		56F53B8F1A61AE18009EC2E0 /* Release */ = {
			isa = XCBuildConfiguration;
			buildSettings = {
				BUNDLE_LOADER = "$(TEST_HOST)";
				FRAMEWORK_SEARCH_PATHS = (
					"$(SDKROOT)/Developer/Library/Frameworks",
					"$(inherited)",
				);
				INFOPLIST_FILE = "BMW GenieTests/Info.plist";
				LD_RUNPATH_SEARCH_PATHS = "$(inherited) @executable_path/Frameworks @loader_path/Frameworks";
				PRODUCT_NAME = "$(TARGET_NAME)";
				TEST_HOST = "$(BUILT_PRODUCTS_DIR)/BMW Genie.app/BMW Genie";
			};
			name = Release;
		};
/* End XCBuildConfiguration section */

/* Begin XCConfigurationList section */
		56F53B661A61AE17009EC2E0 /* Build configuration list for PBXProject "BMW Genie" */ = {
			isa = XCConfigurationList;
			buildConfigurations = (
				56F53B881A61AE18009EC2E0 /* Debug */,
				56F53B891A61AE18009EC2E0 /* Release */,
			);
			defaultConfigurationIsVisible = 0;
			defaultConfigurationName = Release;
		};
		56F53B8A1A61AE18009EC2E0 /* Build configuration list for PBXNativeTarget "BMW Genie" */ = {
			isa = XCConfigurationList;
			buildConfigurations = (
				56F53B8B1A61AE18009EC2E0 /* Debug */,
				56F53B8C1A61AE18009EC2E0 /* Release */,
			);
			defaultConfigurationIsVisible = 0;
			defaultConfigurationName = Release;
		};
		56F53B8D1A61AE18009EC2E0 /* Build configuration list for PBXNativeTarget "BMW GenieTests" */ = {
			isa = XCConfigurationList;
			buildConfigurations = (
				56F53B8E1A61AE18009EC2E0 /* Debug */,
				56F53B8F1A61AE18009EC2E0 /* Release */,
			);
			defaultConfigurationIsVisible = 0;
			defaultConfigurationName = Release;
		};
/* End XCConfigurationList section */
	};
	rootObject = 56F53B631A61AE17009EC2E0 /* Project object */;
}
